
Microsoft Visual Studio Solution File, Format Version 12.00
# Visual Studio Version 17
VisualStudioVersion = 17.0.32112.339
MinimumVisualStudioVersion = 10.0.40219.1
Project("{FAE04EC0-301F-11D3-BF4B-00C04F79EFBC}") = "Blink_Swap", "Blink_Swap\Blink_Swap.csproj", "{F4C06518-73BF-4F7F-AC7F-C3AF48A4B24A}"
EndProject
Global
	GlobalSection(SolutionConfigurationPlatforms) = preSolution
		Debug|Any CPU = Debug|Any CPU
		Release|Any CPU = Release|Any CPU
	EndGlobalSection
	GlobalSection(ProjectConfigurationPlatforms) = postSolution
		{F4C06518-73BF-4F7F-AC7F-C3AF48A4B24A}.Debug|Any CPU.ActiveCfg = Debug|Any CPU
		{F4C06518-73BF-4F7F-AC7F-C3AF48A4B24A}.Debug|Any CPU.Build.0 = Debug|Any CPU
		{F4C06518-73BF-4F7F-AC7F-C3AF48A4B24A}.Release|Any CPU.ActiveCfg = Release|Any CPU
		{F4C06518-73BF-4F7F-AC7F-C3AF48A4B24A}.Release|Any CPU.Build.0 = Release|Any CPU
	EndGlobalSection
	GlobalSection(SolutionProperties) = preSolution
		HideSolutionNode = FALSE
	EndGlobalSection
	GlobalSection(ExtensibilityGlobals) = postSolution
		SolutionGuid = {AEA9A856-5524-49F7-B3FB-A4EB56A54CD6}
	EndGlobalSection
EndGlobal
